// !$*UTF8*$!
{
	archiveVersion = 1;
	classes = {
	};
	objectVersion = 56;
	objects = {

/* Begin PBXBuildFile section */
		E8BA30E22CB750A600BAF0A2 /* AlbumsAppApp.swift in Sources */ = {isa = PBXBuildFile; fileRef = E8BA30E12CB750A600BAF0A2 /* AlbumsAppApp.swift */; };
		E8BA30E42CB750A600BAF0A2 /* ContentView.swift in Sources */ = {isa = PBXBuildFile; fileRef = E8BA30E32CB750A600BAF0A2 /* ContentView.swift */; };
		E8BA30E62CB750A800BAF0A2 /* Assets.xcassets in Resources */ = {isa = PBXBuildFile; fileRef = E8BA30E52CB750A800BAF0A2 /* Assets.xcassets */; };
		E8BA30E92CB750A800BAF0A2 /* Preview Assets.xcassets in Resources */ = {isa = PBXBuildFile; fileRef = E8BA30E82CB750A800BAF0A2 /* Preview Assets.xcassets */; };
		E8BA30F52CB751F600BAF0A2 /* NetworkManager.swift in Sources */ = {isa = PBXBuildFile; fileRef = E8BA30F42CB751F600BAF0A2 /* NetworkManager.swift */; };
		E8BA30F82CB7520D00BAF0A2 /* Album.swift in Sources */ = {isa = PBXBuildFile; fileRef = E8BA30F72CB7520D00BAF0A2 /* Album.swift */; };
		E8BA30FA2CB7522500BAF0A2 /* ImgurImage.swift in Sources */ = {isa = PBXBuildFile; fileRef = E8BA30F92CB7522500BAF0A2 /* ImgurImage.swift */; };
		E8BA30FC2CB7526400BAF0A2 /* ImagesAlbumView.swift in Sources */ = {isa = PBXBuildFile; fileRef = E8BA30FB2CB7526400BAF0A2 /* ImagesAlbumView.swift */; };
		E8BA30FE2CB7534D00BAF0A2 /* AlbumsListViewModel.swift in Sources */ = {isa = PBXBuildFile; fileRef = E8BA30FD2CB7534D00BAF0A2 /* AlbumsListViewModel.swift */; };
		E8BA31002CB7557B00BAF0A2 /* AlbumDetailView.swift in Sources */ = {isa = PBXBuildFile; fileRef = E8BA30FF2CB7557B00BAF0A2 /* AlbumDetailView.swift */; };
		E8BA31022CB75CE900BAF0A2 /* ImgurResponse.swift in Sources */ = {isa = PBXBuildFile; fileRef = E8BA31012CB75CE900BAF0A2 /* ImgurResponse.swift */; };
		E8BA31042CB75FAF00BAF0A2 /* Tag.swift in Sources */ = {isa = PBXBuildFile; fileRef = E8BA31032CB75FAF00BAF0A2 /* Tag.swift */; };
		E8BA31092CB8D72000BAF0A2 /* VideoAlbumView.swift in Sources */ = {isa = PBXBuildFile; fileRef = E8BA31082CB8D72000BAF0A2 /* VideoAlbumView.swift */; };
		E8BA310B2CB8E80800BAF0A2 /* FullScreenImageView.swift in Sources */ = {isa = PBXBuildFile; fileRef = E8BA310A2CB8E80800BAF0A2 /* FullScreenImageView.swift */; };
		E8FCAA232CB8EFF900B1656D /* AdConfig.swift in Sources */ = {isa = PBXBuildFile; fileRef = E8FCAA222CB8EFF900B1656D /* AdConfig.swift */; };
		E8FCAA252CB8F01400B1656D /* ImgurAlbum.swift in Sources */ = {isa = PBXBuildFile; fileRef = E8FCAA242CB8F01400B1656D /* ImgurAlbum.swift */; };
/* End PBXBuildFile section */

/* Begin PBXFileReference section */
		E8BA30DE2CB750A600BAF0A2 /* AlbumsApp.app */ = {isa = PBXFileReference; explicitFileType = wrapper.application; includeInIndex = 0; path = AlbumsApp.app; sourceTree = BUILT_PRODUCTS_DIR; };
		E8BA30E12CB750A600BAF0A2 /* AlbumsAppApp.swift */ = {isa = PBXFileReference; lastKnownFileType = sourcecode.swift; path = AlbumsAppApp.swift; sourceTree = "<group>"; };
		E8BA30E32CB750A600BAF0A2 /* ContentView.swift */ = {isa = PBXFileReference; lastKnownFileType = sourcecode.swift; path = ContentView.swift; sourceTree = "<group>"; };
		E8BA30E52CB750A800BAF0A2 /* Assets.xcassets */ = {isa = PBXFileReference; lastKnownFileType = folder.assetcatalog; path = Assets.xcassets; sourceTree = "<group>"; };
		E8BA30E82CB750A800BAF0A2 /* Preview Assets.xcassets */ = {isa = PBXFileReference; lastKnownFileType = folder.assetcatalog; path = "Preview Assets.xcassets"; sourceTree = "<group>"; };
		E8BA30F42CB751F600BAF0A2 /* NetworkManager.swift */ = {isa = PBXFileReference; lastKnownFileType = sourcecode.swift; path = NetworkManager.swift; sourceTree = "<group>"; };
		E8BA30F72CB7520D00BAF0A2 /* Album.swift */ = {isa = PBXFileReference; lastKnownFileType = sourcecode.swift; path = Album.swift; sourceTree = "<group>"; };
		E8BA30F92CB7522500BAF0A2 /* ImgurImage.swift */ = {isa = PBXFileReference; lastKnownFileType = sourcecode.swift; path = ImgurImage.swift; sourceTree = "<group>"; };
		E8BA30FB2CB7526400BAF0A2 /* ImagesAlbumView.swift */ = {isa = PBXFileReference; lastKnownFileType = sourcecode.swift; path = ImagesAlbumView.swift; sourceTree = "<group>"; };
		E8BA30FD2CB7534D00BAF0A2 /* AlbumsListViewModel.swift */ = {isa = PBXFileReference; lastKnownFileType = sourcecode.swift; path = AlbumsListViewModel.swift; sourceTree = "<group>"; };
		E8BA30FF2CB7557B00BAF0A2 /* AlbumDetailView.swift */ = {isa = PBXFileReference; lastKnownFileType = sourcecode.swift; path = AlbumDetailView.swift; sourceTree = "<group>"; };
		E8BA31012CB75CE900BAF0A2 /* ImgurResponse.swift */ = {isa = PBXFileReference; lastKnownFileType = sourcecode.swift; path = ImgurResponse.swift; sourceTree = "<group>"; };
		E8BA31032CB75FAF00BAF0A2 /* Tag.swift */ = {isa = PBXFileReference; lastKnownFileType = sourcecode.swift; path = Tag.swift; sourceTree = "<group>"; };
		E8BA31082CB8D72000BAF0A2 /* VideoAlbumView.swift */ = {isa = PBXFileReference; lastKnownFileType = sourcecode.swift; path = VideoAlbumView.swift; sourceTree = "<group>"; };
		E8BA310A2CB8E80800BAF0A2 /* FullScreenImageView.swift */ = {isa = PBXFileReference; lastKnownFileType = sourcecode.swift; path = FullScreenImageView.swift; sourceTree = "<group>"; };
		E8FCAA222CB8EFF900B1656D /* AdConfig.swift */ = {isa = PBXFileReference; lastKnownFileType = sourcecode.swift; path = AdConfig.swift; sourceTree = "<group>"; };
		E8FCAA242CB8F01400B1656D /* ImgurAlbum.swift */ = {isa = PBXFileReference; lastKnownFileType = sourcecode.swift; path = ImgurAlbum.swift; sourceTree = "<group>"; };
/* End PBXFileReference section */

/* Begin PBXFrameworksBuildPhase section */
		E8BA30DB2CB750A600BAF0A2 /* Frameworks */ = {
			isa = PBXFrameworksBuildPhase;
			buildActionMask = 2147483647;
			files = (
			);
			runOnlyForDeploymentPostprocessing = 0;
		};
/* End PBXFrameworksBuildPhase section */

/* Begin PBXGroup section */
		E8BA30D52CB750A600BAF0A2 = {
			isa = PBXGroup;
			children = (
				E8BA30E02CB750A600BAF0A2 /* AlbumsApp */,
				E8BA30DF2CB750A600BAF0A2 /* Products */,
			);
			sourceTree = "<group>";
		};
		E8BA30DF2CB750A600BAF0A2 /* Products */ = {
			isa = PBXGroup;
			children = (
				E8BA30DE2CB750A600BAF0A2 /* AlbumsApp.app */,
			);
			name = Products;
			sourceTree = "<group>";
		};
		E8BA30E02CB750A600BAF0A2 /* AlbumsApp */ = {
			isa = PBXGroup;
			children = (
				E8BA30F62CB7520100BAF0A2 /* Models */,
				E8BA30F12CB7511C00BAF0A2 /* Views */,
				E8BA30F02CB7511100BAF0A2 /* Services */,
				E8BA30EF2CB7510600BAF0A2 /* ViewModels */,
				E8BA30E12CB750A600BAF0A2 /* AlbumsAppApp.swift */,
				E8BA30E32CB750A600BAF0A2 /* ContentView.swift */,
				E8BA30E52CB750A800BAF0A2 /* Assets.xcassets */,
				E8BA30E72CB750A800BAF0A2 /* Preview Content */,
			);
			path = AlbumsApp;
			sourceTree = "<group>";
		};
		E8BA30E72CB750A800BAF0A2 /* Preview Content */ = {
			isa = PBXGroup;
			children = (
				E8BA30E82CB750A800BAF0A2 /* Preview Assets.xcassets */,
			);
			path = "Preview Content";
			sourceTree = "<group>";
		};
		E8BA30EF2CB7510600BAF0A2 /* ViewModels */ = {
			isa = PBXGroup;
			children = (
				E8BA30FD2CB7534D00BAF0A2 /* AlbumsListViewModel.swift */,
			);
			path = ViewModels;
			sourceTree = "<group>";
		};
		E8BA30F02CB7511100BAF0A2 /* Services */ = {
			isa = PBXGroup;
			children = (
				E8BA30F42CB751F600BAF0A2 /* NetworkManager.swift */,
			);
			path = Services;
			sourceTree = "<group>";
		};
		E8BA30F12CB7511C00BAF0A2 /* Views */ = {
			isa = PBXGroup;
			children = (
				E8BA30FB2CB7526400BAF0A2 /* ImagesAlbumView.swift */,
				E8BA31082CB8D72000BAF0A2 /* VideoAlbumView.swift */,
				E8BA30FF2CB7557B00BAF0A2 /* AlbumDetailView.swift */,
				E8BA310A2CB8E80800BAF0A2 /* FullScreenImageView.swift */,
			);
			path = Views;
			sourceTree = "<group>";
		};
		E8BA30F62CB7520100BAF0A2 /* Models */ = {
			isa = PBXGroup;
			children = (
				E8BA30F72CB7520D00BAF0A2 /* Album.swift */,
				E8BA31012CB75CE900BAF0A2 /* ImgurResponse.swift */,
				E8FCAA242CB8F01400B1656D /* ImgurAlbum.swift */,
				E8BA30F92CB7522500BAF0A2 /* ImgurImage.swift */,
				E8BA31032CB75FAF00BAF0A2 /* Tag.swift */,
				E8FCAA222CB8EFF900B1656D /* AdConfig.swift */,
			);
			path = Models;
			sourceTree = "<group>";
		};
/* End PBXGroup section */

/* Begin PBXNativeTarget section */
		E8BA30DD2CB750A600BAF0A2 /* AlbumsApp */ = {
			isa = PBXNativeTarget;
			buildConfigurationList = E8BA30EC2CB750A800BAF0A2 /* Build configuration list for PBXNativeTarget "AlbumsApp" */;
			buildPhases = (
				E8BA30DA2CB750A600BAF0A2 /* Sources */,
				E8BA30DB2CB750A600BAF0A2 /* Frameworks */,
				E8BA30DC2CB750A600BAF0A2 /* Resources */,
			);
			buildRules = (
			);
			dependencies = (
			);
			name = AlbumsApp;
			productName = AlbumsApp;
			productReference = E8BA30DE2CB750A600BAF0A2 /* AlbumsApp.app */;
			productType = "com.apple.product-type.application";
		};
/* End PBXNativeTarget section */

/* Begin PBXProject section */
		E8BA30D62CB750A600BAF0A2 /* Project object */ = {
			isa = PBXProject;
			attributes = {
				BuildIndependentTargetsInParallel = 1;
				LastSwiftUpdateCheck = 1540;
				LastUpgradeCheck = 1540;
				TargetAttributes = {
					E8BA30DD2CB750A600BAF0A2 = {
						CreatedOnToolsVersion = 15.4;
					};
				};
			};
			buildConfigurationList = E8BA30D92CB750A600BAF0A2 /* Build configuration list for PBXProject "AlbumsApp" */;
			compatibilityVersion = "Xcode 14.0";
			developmentRegion = en;
			hasScannedForEncodings = 0;
			knownRegions = (
				en,
				Base,
			);
			mainGroup = E8BA30D52CB750A600BAF0A2;
			productRefGroup = E8BA30DF2CB750A600BAF0A2 /* Products */;
			projectDirPath = "";
			projectRoot = "";
			targets = (
				E8BA30DD2CB750A600BAF0A2 /* AlbumsApp */,
			);
		};
/* End PBXProject section */

/* Begin PBXResourcesBuildPhase section */
		E8BA30DC2CB750A600BAF0A2 /* Resources */ = {
			isa = PBXResourcesBuildPhase;
			buildActionMask = 2147483647;
			files = (
				E8BA30E92CB750A800BAF0A2 /* Preview Assets.xcassets in Resources */,
				E8BA30E62CB750A800BAF0A2 /* Assets.xcassets in Resources */,
			);
			runOnlyForDeploymentPostprocessing = 0;
		};
/* End PBXResourcesBuildPhase section */

/* Begin PBXSourcesBuildPhase section */
		E8BA30DA2CB750A600BAF0A2 /* Sources */ = {
			isa = PBXSourcesBuildPhase;
			buildActionMask = 2147483647;
			files = (
				E8BA30FE2CB7534D00BAF0A2 /* AlbumsListViewModel.swift in Sources */,
				E8BA30FC2CB7526400BAF0A2 /* ImagesAlbumView.swift in Sources */,
				E8BA31002CB7557B00BAF0A2 /* AlbumDetailView.swift in Sources */,
				E8BA30F52CB751F600BAF0A2 /* NetworkManager.swift in Sources */,
				E8FCAA232CB8EFF900B1656D /* AdConfig.swift in Sources */,
				E8BA30FA2CB7522500BAF0A2 /* ImgurImage.swift in Sources */,
				E8BA30E42CB750A600BAF0A2 /* ContentView.swift in Sources */,
				E8BA31092CB8D72000BAF0A2 /* VideoAlbumView.swift in Sources */,
				E8BA310B2CB8E80800BAF0A2 /* FullScreenImageView.swift in Sources */,
				E8BA31042CB75FAF00BAF0A2 /* Tag.swift in Sources */,
				E8FCAA252CB8F01400B1656D /* ImgurAlbum.swift in Sources */,
				E8BA30E22CB750A600BAF0A2 /* AlbumsAppApp.swift in Sources */,
				E8BA31022CB75CE900BAF0A2 /* ImgurResponse.swift in Sources */,
				E8BA30F82CB7520D00BAF0A2 /* Album.swift in Sources */,
			);
			runOnlyForDeploymentPostprocessing = 0;
		};
/* End PBXSourcesBuildPhase section */

/* Begin XCBuildConfiguration section */
		E8BA30EA2CB750A800BAF0A2 /* Debug */ = {
			isa = XCBuildConfiguration;
			buildSettings = {
				ALWAYS_SEARCH_USER_PATHS = NO;
				ASSETCATALOG_COMPILER_GENERATE_SWIFT_ASSET_SYMBOL_EXTENSIONS = YES;
				CLANG_ANALYZER_NONNULL = YES;
				CLANG_ANALYZER_NUMBER_OBJECT_CONVERSION = YES_AGGRESSIVE;
				CLANG_CXX_LANGUAGE_STANDARD = "gnu++20";
				CLANG_ENABLE_MODULES = YES;
				CLANG_ENABLE_OBJC_ARC = YES;
				CLANG_ENABLE_OBJC_WEAK = YES;
				CLANG_WARN_BLOCK_CAPTURE_AUTORELEASING = YES;
				CLANG_WARN_BOOL_CONVERSION = YES;
				CLANG_WARN_COMMA = YES;
				CLANG_WARN_CONSTANT_CONVERSION = YES;
				CLANG_WARN_DEPRECATED_OBJC_IMPLEMENTATIONS = YES;
				CLANG_WARN_DIRECT_OBJC_ISA_USAGE = YES_ERROR;
				CLANG_WARN_DOCUMENTATION_COMMENTS = YES;
				CLANG_WARN_EMPTY_BODY = YES;
				CLANG_WARN_ENUM_CONVERSION = YES;
				CLANG_WARN_INFINITE_RECURSION = YES;
				CLANG_WARN_INT_CONVERSION = YES;
				CLANG_WARN_NON_LITERAL_NULL_CONVERSION = YES;
				CLANG_WARN_OBJC_IMPLICIT_RETAIN_SELF = YES;
				CLANG_WARN_OBJC_LITERAL_CONVERSION = YES;
				CLANG_WARN_OBJC_ROOT_CLASS = YES_ERROR;
				CLANG_WARN_QUOTED_INCLUDE_IN_FRAMEWORK_HEADER = YES;
				CLANG_WARN_RANGE_LOOP_ANALYSIS = YES;
				CLANG_WARN_STRICT_PROTOTYPES = YES;
				CLANG_WARN_SUSPICIOUS_MOVE = YES;
				CLANG_WARN_UNGUARDED_AVAILABILITY = YES_AGGRESSIVE;
				CLANG_WARN_UNREACHABLE_CODE = YES;
				CLANG_WARN__DUPLICATE_METHOD_MATCH = YES;
				COPY_PHASE_STRIP = NO;
				DEBUG_INFORMATION_FORMAT = dwarf;
				ENABLE_STRICT_OBJC_MSGSEND = YES;
				ENABLE_TESTABILITY = YES;
				ENABLE_USER_SCRIPT_SANDBOXING = YES;
				GCC_C_LANGUAGE_STANDARD = gnu17;
				GCC_DYNAMIC_NO_PIC = NO;
				GCC_NO_COMMON_BLOCKS = YES;
				GCC_OPTIMIZATION_LEVEL = 0;
				GCC_PREPROCESSOR_DEFINITIONS = (
					"DEBUG=1",
					"$(inherited)",
				);
				GCC_WARN_64_TO_32_BIT_CONVERSION = YES;
				GCC_WARN_ABOUT_RETURN_TYPE = YES_ERROR;
				GCC_WARN_UNDECLARED_SELECTOR = YES;
				GCC_WARN_UNINITIALIZED_AUTOS = YES_AGGRESSIVE;
				GCC_WARN_UNUSED_FUNCTION = YES;
				GCC_WARN_UNUSED_VARIABLE = YES;
				IPHONEOS_DEPLOYMENT_TARGET = 17.5;
				LOCALIZATION_PREFERS_STRING_CATALOGS = YES;
				MTL_ENABLE_DEBUG_INFO = INCLUDE_SOURCE;
				MTL_FAST_MATH = YES;
				ONLY_ACTIVE_ARCH = YES;
				SDKROOT = iphoneos;
				SWIFT_ACTIVE_COMPILATION_CONDITIONS = "DEBUG $(inherited)";
				SWIFT_OPTIMIZATION_LEVEL = "-Onone";
			};
			name = Debug;
		};
		E8BA30EB2CB750A800BAF0A2 /* Release */ = {
			isa = XCBuildConfiguration;
			buildSettings = {
				ALWAYS_SEARCH_USER_PATHS = NO;
				ASSETCATALOG_COMPILER_GENERATE_SWIFT_ASSET_SYMBOL_EXTENSIONS = YES;
				CLANG_ANALYZER_NONNULL = YES;
				CLANG_ANALYZER_NUMBER_OBJECT_CONVERSION = YES_AGGRESSIVE;
				CLANG_CXX_LANGUAGE_STANDARD = "gnu++20";
				CLANG_ENABLE_MODULES = YES;
				CLANG_ENABLE_OBJC_ARC = YES;
				CLANG_ENABLE_OBJC_WEAK = YES;
				CLANG_WARN_BLOCK_CAPTURE_AUTORELEASING = YES;
				CLANG_WARN_BOOL_CONVERSION = YES;
				CLANG_WARN_COMMA = YES;
				CLANG_WARN_CONSTANT_CONVERSION = YES;
				CLANG_WARN_DEPRECATED_OBJC_IMPLEMENTATIONS = YES;
				CLANG_WARN_DIRECT_OBJC_ISA_USAGE = YES_ERROR;
				CLANG_WARN_DOCUMENTATION_COMMENTS = YES;
				CLANG_WARN_EMPTY_BODY = YES;
				CLANG_WARN_ENUM_CONVERSION = YES;
				CLANG_WARN_INFINITE_RECURSION = YES;
				CLANG_WARN_INT_CONVERSION = YES;
				CLANG_WARN_NON_LITERAL_NULL_CONVERSION = YES;
				CLANG_WARN_OBJC_IMPLICIT_RETAIN_SELF = YES;
				CLANG_WARN_OBJC_LITERAL_CONVERSION = YES;
				CLANG_WARN_OBJC_ROOT_CLASS = YES_ERROR;
				CLANG_WARN_QUOTED_INCLUDE_IN_FRAMEWORK_HEADER = YES;
				CLANG_WARN_RANGE_LOOP_ANALYSIS = YES;
				CLANG_WARN_STRICT_PROTOTYPES = YES;
				CLANG_WARN_SUSPICIOUS_MOVE = YES;
				CLANG_WARN_UNGUARDED_AVAILABILITY = YES_AGGRESSIVE;
				CLANG_WARN_UNREACHABLE_CODE = YES;
				CLANG_WARN__DUPLICATE_METHOD_MATCH = YES;
				COPY_PHASE_STRIP = NO;
				DEBUG_INFORMATION_FORMAT = "dwarf-with-dsym";
				ENABLE_NS_ASSERTIONS = NO;
				ENABLE_STRICT_OBJC_MSGSEND = YES;
				ENABLE_USER_SCRIPT_SANDBOXING = YES;
				GCC_C_LANGUAGE_STANDARD = gnu17;
				GCC_NO_COMMON_BLOCKS = YES;
				GCC_WARN_64_TO_32_BIT_CONVERSION = YES;
				GCC_WARN_ABOUT_RETURN_TYPE = YES_ERROR;
				GCC_WARN_UNDECLARED_SELECTOR = YES;
				GCC_WARN_UNINITIALIZED_AUTOS = YES_AGGRESSIVE;
				GCC_WARN_UNUSED_FUNCTION = YES;
				GCC_WARN_UNUSED_VARIABLE = YES;
				IPHONEOS_DEPLOYMENT_TARGET = 17.5;
				LOCALIZATION_PREFERS_STRING_CATALOGS = YES;
				MTL_ENABLE_DEBUG_INFO = NO;
				MTL_FAST_MATH = YES;
				SDKROOT = iphoneos;
				SWIFT_COMPILATION_MODE = wholemodule;
				VALIDATE_PRODUCT = YES;
			};
			name = Release;
		};
		E8BA30ED2CB750A800BAF0A2 /* Debug */ = {
			isa = XCBuildConfiguration;
			buildSettings = {
				ASSETCATALOG_COMPILER_APPICON_NAME = AppIcon;
				ASSETCATALOG_COMPILER_GLOBAL_ACCENT_COLOR_NAME = AccentColor;
				CODE_SIGN_STYLE = Automatic;
				CURRENT_PROJECT_VERSION = 1;
				DEVELOPMENT_ASSET_PATHS = "\"AlbumsApp/Preview Content\"";
				DEVELOPMENT_TEAM = 6V642954LL;
				ENABLE_PREVIEWS = YES;
				GENERATE_INFOPLIST_FILE = YES;
				INFOPLIST_KEY_UIApplicationSceneManifest_Generation = YES;
				INFOPLIST_KEY_UIApplicationSupportsIndirectInputEvents = YES;
				INFOPLIST_KEY_UILaunchScreen_Generation = YES;
				INFOPLIST_KEY_UISupportedInterfaceOrientations_iPad = "UIInterfaceOrientationPortrait UIInterfaceOrientationPortraitUpsideDown UIInterfaceOrientationLandscapeLeft UIInterfaceOrientationLandscapeRight";
				INFOPLIST_KEY_UISupportedInterfaceOrientations_iPhone = "UIInterfaceOrientationPortrait UIInterfaceOrientationLandscapeLeft UIInterfaceOrientationLandscapeRight";
				LD_RUNPATH_SEARCH_PATHS = (
					"$(inherited)",
					"@executable_path/Frameworks",
				);
				MARKETING_VERSION = 1.0;
				PRODUCT_BUNDLE_IDENTIFIER = com.nikolaitarasov.AlbumsApp;
				PRODUCT_NAME = "$(TARGET_NAME)";
				SWIFT_EMIT_LOC_STRINGS = YES;
				SWIFT_VERSION = 5.0;
				TARGETED_DEVICE_FAMILY = "1,2";
			};
			name = Debug;
		};
		E8BA30EE2CB750A800BAF0A2 /* Release */ = {
			isa = XCBuildConfiguration;
			buildSettings = {
				ASSETCATALOG_COMPILER_APPICON_NAME = AppIcon;
				ASSETCATALOG_COMPILER_GLOBAL_ACCENT_COLOR_NAME = AccentColor;
				CODE_SIGN_STYLE = Automatic;
				CURRENT_PROJECT_VERSION = 1;
				DEVELOPMENT_ASSET_PATHS = "\"AlbumsApp/Preview Content\"";
				DEVELOPMENT_TEAM = 6V642954LL;
				ENABLE_PREVIEWS = YES;
				GENERATE_INFOPLIST_FILE = YES;
				INFOPLIST_KEY_UIApplicationSceneManifest_Generation = YES;
				INFOPLIST_KEY_UIApplicationSupportsIndirectInputEvents = YES;
				INFOPLIST_KEY_UILaunchScreen_Generation = YES;
				INFOPLIST_KEY_UISupportedInterfaceOrientations_iPad = "UIInterfaceOrientationPortrait UIInterfaceOrientationPortraitUpsideDown UIInterfaceOrientationLandscapeLeft UIInterfaceOrientationLandscapeRight";
				INFOPLIST_KEY_UISupportedInterfaceOrientations_iPhone = "UIInterfaceOrientationPortrait UIInterfaceOrientationLandscapeLeft UIInterfaceOrientationLandscapeRight";
				LD_RUNPATH_SEARCH_PATHS = (
					"$(inherited)",
					"@executable_path/Frameworks",
				);
				MARKETING_VERSION = 1.0;
				PRODUCT_BUNDLE_IDENTIFIER = com.nikolaitarasov.AlbumsApp;
				PRODUCT_NAME = "$(TARGET_NAME)";
				SWIFT_EMIT_LOC_STRINGS = YES;
				SWIFT_VERSION = 5.0;
				TARGETED_DEVICE_FAMILY = "1,2";
			};
			name = Release;
		};
/* End XCBuildConfiguration section */

/* Begin XCConfigurationList section */
		E8BA30D92CB750A600BAF0A2 /* Build configuration list for PBXProject "AlbumsApp" */ = {
			isa = XCConfigurationList;
			buildConfigurations = (
				E8BA30EA2CB750A800BAF0A2 /* Debug */,
				E8BA30EB2CB750A800BAF0A2 /* Release */,
			);
			defaultConfigurationIsVisible = 0;
			defaultConfigurationName = Release;
		};
		E8BA30EC2CB750A800BAF0A2 /* Build configuration list for PBXNativeTarget "AlbumsApp" */ = {
			isa = XCConfigurationList;
			buildConfigurations = (
				E8BA30ED2CB750A800BAF0A2 /* Debug */,
				E8BA30EE2CB750A800BAF0A2 /* Release */,
			);
			defaultConfigurationIsVisible = 0;
			defaultConfigurationName = Release;
		};
/* End XCConfigurationList section */
	};
	rootObject = E8BA30D62CB750A600BAF0A2 /* Project object */;
}
